
Microsoft Visual Studio Solution File, Format Version 12.00
# Visual Studio Version 17
VisualStudioVersion = 17.5.33414.496
MinimumVisualStudioVersion = 10.0.40219.1
Project("{9A19103F-16F7-4668-BE54-9A1E7A4F7556}") = "ClassLibrary", "ClassLibrary\ClassLibrary.csproj", "{6E1166F1-1A79-4CAC-B330-2C7685E7BD4E}"
EndProject
Project("{9A19103F-16F7-4668-BE54-9A1E7A4F7556}") = "Task3", "Task3\Task3.csproj", "{BA1E2311-4FBB-4736-A3BE-D4E7D1BA05EF}"
EndProject
Global
	GlobalSection(SolutionConfigurationPlatforms) = preSolution
		Debug|Any CPU = Debug|Any CPU
		Release|Any CPU = Release|Any CPU
	EndGlobalSection
	GlobalSection(ProjectConfigurationPlatforms) = postSolution
		{6E1166F1-1A79-4CAC-B330-2C7685E7BD4E}.Debug|Any CPU.ActiveCfg = Debug|Any CPU
		{6E1166F1-1A79-4CAC-B330-2C7685E7BD4E}.Debug|Any CPU.Build.0 = Debug|Any CPU
		{6E1166F1-1A79-4CAC-B330-2C7685E7BD4E}.Release|Any CPU.ActiveCfg = Release|Any CPU
		{6E1166F1-1A79-4CAC-B330-2C7685E7BD4E}.Release|Any CPU.Build.0 = Release|Any CPU
		{BA1E2311-4FBB-4736-A3BE-D4E7D1BA05EF}.Debug|Any CPU.ActiveCfg = Debug|Any CPU
		{BA1E2311-4FBB-4736-A3BE-D4E7D1BA05EF}.Debug|Any CPU.Build.0 = Debug|Any CPU
		{BA1E2311-4FBB-4736-A3BE-D4E7D1BA05EF}.Release|Any CPU.ActiveCfg = Release|Any CPU
		{BA1E2311-4FBB-4736-A3BE-D4E7D1BA05EF}.Release|Any CPU.Build.0 = Release|Any CPU
	EndGlobalSection
	GlobalSection(SolutionProperties) = preSolution
		HideSolutionNode = FALSE
	EndGlobalSection
	GlobalSection(ExtensibilityGlobals) = postSolution
		SolutionGuid = {7D66DCB7-1B20-4537-9BE0-20F2EC2EAC5C}
	EndGlobalSection
EndGlobal
