
Microsoft Visual Studio Solution File, Format Version 12.00
# Visual Studio Version 17
VisualStudioVersion = 17.5.33414.496
MinimumVisualStudioVersion = 10.0.40219.1
Project("{FAE04EC0-301F-11D3-BF4B-00C04F79EFBC}") = "Exercise1", "Exercise1\Exercise1.csproj", "{DB162CBF-1D00-4E48-9C03-F071124B0710}"
EndProject
Project("{FAE04EC0-301F-11D3-BF4B-00C04F79EFBC}") = "ClassLibrary1", "ClassLibrary1\ClassLibrary1.csproj", "{7239805E-1B75-4F2A-A101-0B70BAD80473}"
EndProject
Global
	GlobalSection(SolutionConfigurationPlatforms) = preSolution
		Debug|Any CPU = Debug|Any CPU
		Release|Any CPU = Release|Any CPU
	EndGlobalSection
	GlobalSection(ProjectConfigurationPlatforms) = postSolution
		{DB162CBF-1D00-4E48-9C03-F071124B0710}.Debug|Any CPU.ActiveCfg = Debug|Any CPU
		{DB162CBF-1D00-4E48-9C03-F071124B0710}.Debug|Any CPU.Build.0 = Debug|Any CPU
		{DB162CBF-1D00-4E48-9C03-F071124B0710}.Release|Any CPU.ActiveCfg = Release|Any CPU
		{DB162CBF-1D00-4E48-9C03-F071124B0710}.Release|Any CPU.Build.0 = Release|Any CPU
		{7239805E-1B75-4F2A-A101-0B70BAD80473}.Debug|Any CPU.ActiveCfg = Debug|Any CPU
		{7239805E-1B75-4F2A-A101-0B70BAD80473}.Debug|Any CPU.Build.0 = Debug|Any CPU
		{7239805E-1B75-4F2A-A101-0B70BAD80473}.Release|Any CPU.ActiveCfg = Release|Any CPU
		{7239805E-1B75-4F2A-A101-0B70BAD80473}.Release|Any CPU.Build.0 = Release|Any CPU
	EndGlobalSection
	GlobalSection(SolutionProperties) = preSolution
		HideSolutionNode = FALSE
	EndGlobalSection
	GlobalSection(ExtensibilityGlobals) = postSolution
		SolutionGuid = {A91E4EE6-EC7A-4D21-891B-007211055E69}
	EndGlobalSection
EndGlobal
