
Microsoft Visual Studio Solution File, Format Version 12.00
# Visual Studio Version 17
VisualStudioVersion = 17.5.33414.496
MinimumVisualStudioVersion = 10.0.40219.1
Project("{9A19103F-16F7-4668-BE54-9A1E7A4F7556}") = "Task1", "Task1\Task1.csproj", "{E43D6AEC-2067-4596-8AD7-16942BBF75C0}"
EndProject
Project("{FAE04EC0-301F-11D3-BF4B-00C04F79EFBC}") = "Task2", "Task2\Task2.csproj", "{B148DA67-C2B1-4840-8319-610FA3587CA2}"
EndProject
Global
	GlobalSection(SolutionConfigurationPlatforms) = preSolution
		Debug|Any CPU = Debug|Any CPU
		Release|Any CPU = Release|Any CPU
	EndGlobalSection
	GlobalSection(ProjectConfigurationPlatforms) = postSolution
		{E43D6AEC-2067-4596-8AD7-16942BBF75C0}.Debug|Any CPU.ActiveCfg = Debug|Any CPU
		{E43D6AEC-2067-4596-8AD7-16942BBF75C0}.Debug|Any CPU.Build.0 = Debug|Any CPU
		{E43D6AEC-2067-4596-8AD7-16942BBF75C0}.Release|Any CPU.ActiveCfg = Release|Any CPU
		{E43D6AEC-2067-4596-8AD7-16942BBF75C0}.Release|Any CPU.Build.0 = Release|Any CPU
		{B148DA67-C2B1-4840-8319-610FA3587CA2}.Debug|Any CPU.ActiveCfg = Debug|Any CPU
		{B148DA67-C2B1-4840-8319-610FA3587CA2}.Debug|Any CPU.Build.0 = Debug|Any CPU
		{B148DA67-C2B1-4840-8319-610FA3587CA2}.Release|Any CPU.ActiveCfg = Release|Any CPU
		{B148DA67-C2B1-4840-8319-610FA3587CA2}.Release|Any CPU.Build.0 = Release|Any CPU
	EndGlobalSection
	GlobalSection(SolutionProperties) = preSolution
		HideSolutionNode = FALSE
	EndGlobalSection
	GlobalSection(ExtensibilityGlobals) = postSolution
		SolutionGuid = {52D24C2C-7118-43A7-91E9-744DC317EF00}
	EndGlobalSection
EndGlobal
